{
  "object": {
    "pins": [
      {
        "package": "Tealeaf",
        "repositoryURL": "https://github.com/go-acoustic/TealeafDebug-SP",
        "state": {
          "branch": "master",
          "revision": "17c7f7e5993d700d0da12390c62a67e5299c18d4",
          "version": null
        }
      }
    ]
  },
  "version": 1
}
